
Microsoft Visual Studio Solution File, Format Version 12.00
Project("{FAE04EC0-301F-11D3-BF4B-00C04F79EFBC}") = "SelectionSort", "SelectionSort\SelectionSort.csproj", "{EEA8C56D-4DFC-45D0-BCFA-4EB8BABCC2F0}"
EndProject
Global
	GlobalSection(SolutionConfigurationPlatforms) = preSolution
		Debug|Any CPU = Debug|Any CPU
		Release|Any CPU = Release|Any CPU
	EndGlobalSection
	GlobalSection(ProjectConfigurationPlatforms) = postSolution
		{EEA8C56D-4DFC-45D0-BCFA-4EB8BABCC2F0}.Debug|Any CPU.ActiveCfg = Debug|Any CPU
		{EEA8C56D-4DFC-45D0-BCFA-4EB8BABCC2F0}.Debug|Any CPU.Build.0 = Debug|Any CPU
		{EEA8C56D-4DFC-45D0-BCFA-4EB8BABCC2F0}.Release|Any CPU.ActiveCfg = Release|Any CPU
		{EEA8C56D-4DFC-45D0-BCFA-4EB8BABCC2F0}.Release|Any CPU.Build.0 = Release|Any CPU
	EndGlobalSection
EndGlobal
